
Microsoft Visual Studio Solution File, Format Version 12.00
# Visual Studio Version 17
VisualStudioVersion = 17.7.34009.444
MinimumVisualStudioVersion = 10.0.40219.1
Project("{2150E333-8FDC-42A3-9474-1A3956D46DE8}") = "01_APILayer", "01_APILayer", "{254CC563-3638-4311-B083-72BDDDDD18EF}"
EndProject
Project("{9A19103F-16F7-4668-BE54-9A1E7A4F7556}") = "API", "API\API.csproj", "{9254BBB4-CF6B-4057-9A91-1CE47BFB55BB}"
EndProject
Project("{2150E333-8FDC-42A3-9474-1A3956D46DE8}") = "02_Bussiness_Layer", "02_Bussiness_Layer", "{7784E6AA-D910-4806-97A0-28C03BB6E433}"
EndProject
Project("{2150E333-8FDC-42A3-9474-1A3956D46DE8}") = "03_Data_access_Layer", "03_Data_access_Layer", "{B9FBE0E5-48A3-4F63-919C-169AF48E21F7}"
EndProject
Project("{2150E333-8FDC-42A3-9474-1A3956D46DE8}") = "04_Model", "04_Model", "{6608E99A-5864-4B83-83DE-4984C2C8ACBD}"
EndProject
Project("{2150E333-8FDC-42A3-9474-1A3956D46DE8}") = "05_Database", "05_Database", "{29FD63CA-90CE-4387-9877-CDC2B5FCF05A}"
EndProject
Project("{2150E333-8FDC-42A3-9474-1A3956D46DE8}") = "06_Testing", "06_Testing", "{99692E2C-441D-466D-B92A-C4E08042F3E5}"
EndProject
Project("{9A19103F-16F7-4668-BE54-9A1E7A4F7556}") = "BusinessLayer", "BusinessLayer\BusinessLayer.csproj", "{010962ED-625E-45B1-A892-D56F91497FF4}"
EndProject
Project("{FAE04EC0-301F-11D3-BF4B-00C04F79EFBC}") = "DataAccessLayer", "DataAccessLayer\DataAccessLayer.csproj", "{2D7548D9-0D67-4453-B028-B7D49AD9E193}"
EndProject
Project("{FAE04EC0-301F-11D3-BF4B-00C04F79EFBC}") = "Models", "Models\Models.csproj", "{2D8B25D2-6495-484A-8623-E69428F5A8CB}"
EndProject
Project("{FAE04EC0-301F-11D3-BF4B-00C04F79EFBC}") = "Entities", "Entities\Entities.csproj", "{BC8CB30C-D5BF-498D-B15F-3889C19AAC25}"
EndProject
Project("{FAE04EC0-301F-11D3-BF4B-00C04F79EFBC}") = "Options", "Options\Options.csproj", "{EE6682A6-EAA5-434E-A214-B550ECBB5965}"
EndProject
Global
	GlobalSection(SolutionConfigurationPlatforms) = preSolution
		Debug|Any CPU = Debug|Any CPU
		Release|Any CPU = Release|Any CPU
	EndGlobalSection
	GlobalSection(ProjectConfigurationPlatforms) = postSolution
		{9254BBB4-CF6B-4057-9A91-1CE47BFB55BB}.Debug|Any CPU.ActiveCfg = Debug|Any CPU
		{9254BBB4-CF6B-4057-9A91-1CE47BFB55BB}.Debug|Any CPU.Build.0 = Debug|Any CPU
		{9254BBB4-CF6B-4057-9A91-1CE47BFB55BB}.Release|Any CPU.ActiveCfg = Release|Any CPU
		{9254BBB4-CF6B-4057-9A91-1CE47BFB55BB}.Release|Any CPU.Build.0 = Release|Any CPU
		{010962ED-625E-45B1-A892-D56F91497FF4}.Debug|Any CPU.ActiveCfg = Debug|Any CPU
		{010962ED-625E-45B1-A892-D56F91497FF4}.Debug|Any CPU.Build.0 = Debug|Any CPU
		{010962ED-625E-45B1-A892-D56F91497FF4}.Release|Any CPU.ActiveCfg = Release|Any CPU
		{010962ED-625E-45B1-A892-D56F91497FF4}.Release|Any CPU.Build.0 = Release|Any CPU
		{2D7548D9-0D67-4453-B028-B7D49AD9E193}.Debug|Any CPU.ActiveCfg = Debug|Any CPU
		{2D7548D9-0D67-4453-B028-B7D49AD9E193}.Debug|Any CPU.Build.0 = Debug|Any CPU
		{2D7548D9-0D67-4453-B028-B7D49AD9E193}.Release|Any CPU.ActiveCfg = Release|Any CPU
		{2D7548D9-0D67-4453-B028-B7D49AD9E193}.Release|Any CPU.Build.0 = Release|Any CPU
		{2D8B25D2-6495-484A-8623-E69428F5A8CB}.Debug|Any CPU.ActiveCfg = Debug|Any CPU
		{2D8B25D2-6495-484A-8623-E69428F5A8CB}.Debug|Any CPU.Build.0 = Debug|Any CPU
		{2D8B25D2-6495-484A-8623-E69428F5A8CB}.Release|Any CPU.ActiveCfg = Release|Any CPU
		{2D8B25D2-6495-484A-8623-E69428F5A8CB}.Release|Any CPU.Build.0 = Release|Any CPU
		{BC8CB30C-D5BF-498D-B15F-3889C19AAC25}.Debug|Any CPU.ActiveCfg = Debug|Any CPU
		{BC8CB30C-D5BF-498D-B15F-3889C19AAC25}.Debug|Any CPU.Build.0 = Debug|Any CPU
		{BC8CB30C-D5BF-498D-B15F-3889C19AAC25}.Release|Any CPU.ActiveCfg = Release|Any CPU
		{BC8CB30C-D5BF-498D-B15F-3889C19AAC25}.Release|Any CPU.Build.0 = Release|Any CPU
		{EE6682A6-EAA5-434E-A214-B550ECBB5965}.Debug|Any CPU.ActiveCfg = Debug|Any CPU
		{EE6682A6-EAA5-434E-A214-B550ECBB5965}.Debug|Any CPU.Build.0 = Debug|Any CPU
		{EE6682A6-EAA5-434E-A214-B550ECBB5965}.Release|Any CPU.ActiveCfg = Release|Any CPU
		{EE6682A6-EAA5-434E-A214-B550ECBB5965}.Release|Any CPU.Build.0 = Release|Any CPU
	EndGlobalSection
	GlobalSection(SolutionProperties) = preSolution
		HideSolutionNode = FALSE
	EndGlobalSection
	GlobalSection(NestedProjects) = preSolution
		{9254BBB4-CF6B-4057-9A91-1CE47BFB55BB} = {254CC563-3638-4311-B083-72BDDDDD18EF}
		{010962ED-625E-45B1-A892-D56F91497FF4} = {7784E6AA-D910-4806-97A0-28C03BB6E433}
		{2D7548D9-0D67-4453-B028-B7D49AD9E193} = {B9FBE0E5-48A3-4F63-919C-169AF48E21F7}
		{2D8B25D2-6495-484A-8623-E69428F5A8CB} = {6608E99A-5864-4B83-83DE-4984C2C8ACBD}
		{BC8CB30C-D5BF-498D-B15F-3889C19AAC25} = {6608E99A-5864-4B83-83DE-4984C2C8ACBD}
		{EE6682A6-EAA5-434E-A214-B550ECBB5965} = {6608E99A-5864-4B83-83DE-4984C2C8ACBD}
	EndGlobalSection
	GlobalSection(ExtensibilityGlobals) = postSolution
		SolutionGuid = {61F83A2F-AD32-4081-822D-3E9AA2694639}
	EndGlobalSection
EndGlobal
